
Microsoft Visual Studio Solution File, Format Version 12.00
# Visual Studio Version 17
VisualStudioVersion = 17.1.31911.260
MinimumVisualStudioVersion = 10.0.40219.1
Project("{9A19103F-16F7-4668-BE54-9A1E7A4F7556}") = "PokemonPRNG", "PokemonPRNG\PokemonPRNG.csproj", "{BE37AE67-4FFD-4241-B43E-6606F592D28B}"
EndProject
Project("{9A19103F-16F7-4668-BE54-9A1E7A4F7556}") = "ConsoleApp1", "ConsoleApp1\ConsoleApp1.csproj", "{E51E7966-B9F7-404B-8528-4E4AFC6EE332}"
EndProject
Project("{9A19103F-16F7-4668-BE54-9A1E7A4F7556}") = "PokemonPRNG.SFMT", "PokemonPRNG.SFMT\PokemonPRNG.SFMT.csproj", "{03B45527-D740-4E0B-93B1-CDE399E6A2D3}"
EndProject
Project("{9A19103F-16F7-4668-BE54-9A1E7A4F7556}") = "PokemonPRNG.MT", "PokemonPRNG.MT\PokemonPRNG.MT.csproj", "{FAF3A53C-9DC9-4811-ABA8-82A99865368F}"
EndProject
Project("{9A19103F-16F7-4668-BE54-9A1E7A4F7556}") = "PokemonPRNG.TinyMT", "PokemonPRNG.TinyMT\PokemonPRNG.TinyMT.csproj", "{C5B64EC7-1CA4-4C6F-9F2C-7878611AD86D}"
EndProject
Project("{9A19103F-16F7-4668-BE54-9A1E7A4F7556}") = "PokemonPRNG.Xoroshiro128p", "PokemonPRNG.Xoroshiro128p\PokemonPRNG.Xoroshiro128p.csproj", "{AF4F455F-5DCA-4BCF-B515-14E7DF3224A3}"
EndProject
Project("{9A19103F-16F7-4668-BE54-9A1E7A4F7556}") = "PokemonPRNG.XorShift128", "PokemonPRNG.XorShift128\PokemonPRNG.XorShift128.csproj", "{99A45870-68AA-4B21-A769-95BC0AEBBB48}"
EndProject
Project("{9A19103F-16F7-4668-BE54-9A1E7A4F7556}") = "PokemonPRNG.LCG64", "PokemonPRNG.LCG64\PokemonPRNG.LCG64.csproj", "{05BAC5B5-DC59-49D3-BD5A-D106BC69F7B2}"
EndProject
Project("{9A19103F-16F7-4668-BE54-9A1E7A4F7556}") = "Test", "Test\Test.csproj", "{2903DCE2-7AAD-4D9A-A38A-6777B09F9F38}"
EndProject
Project("{9A19103F-16F7-4668-BE54-9A1E7A4F7556}") = "Benchmark", "Benchmark\Benchmark.csproj", "{F8486F13-6C2E-4FE0-A27F-8229273B65DB}"
EndProject
Project("{FAE04EC0-301F-11D3-BF4B-00C04F79EFBC}") = "PokemonPRNG.SFMT.SIMD", "PokemonPRNG.SFMT.SIMD\PokemonPRNG.SFMT.SIMD.csproj", "{C4F9F571-7DBF-4194-9511-4388B3D5978C}"
EndProject
Global
	GlobalSection(SolutionConfigurationPlatforms) = preSolution
		Debug|Any CPU = Debug|Any CPU
		Release|Any CPU = Release|Any CPU
	EndGlobalSection
	GlobalSection(ProjectConfigurationPlatforms) = postSolution
		{BE37AE67-4FFD-4241-B43E-6606F592D28B}.Debug|Any CPU.ActiveCfg = Debug|Any CPU
		{BE37AE67-4FFD-4241-B43E-6606F592D28B}.Debug|Any CPU.Build.0 = Debug|Any CPU
		{BE37AE67-4FFD-4241-B43E-6606F592D28B}.Release|Any CPU.ActiveCfg = Release|Any CPU
		{BE37AE67-4FFD-4241-B43E-6606F592D28B}.Release|Any CPU.Build.0 = Release|Any CPU
		{E51E7966-B9F7-404B-8528-4E4AFC6EE332}.Debug|Any CPU.ActiveCfg = Debug|Any CPU
		{E51E7966-B9F7-404B-8528-4E4AFC6EE332}.Debug|Any CPU.Build.0 = Debug|Any CPU
		{E51E7966-B9F7-404B-8528-4E4AFC6EE332}.Release|Any CPU.ActiveCfg = Release|Any CPU
		{E51E7966-B9F7-404B-8528-4E4AFC6EE332}.Release|Any CPU.Build.0 = Release|Any CPU
		{03B45527-D740-4E0B-93B1-CDE399E6A2D3}.Debug|Any CPU.ActiveCfg = Debug|Any CPU
		{03B45527-D740-4E0B-93B1-CDE399E6A2D3}.Debug|Any CPU.Build.0 = Debug|Any CPU
		{03B45527-D740-4E0B-93B1-CDE399E6A2D3}.Release|Any CPU.ActiveCfg = Release|Any CPU
		{03B45527-D740-4E0B-93B1-CDE399E6A2D3}.Release|Any CPU.Build.0 = Release|Any CPU
		{FAF3A53C-9DC9-4811-ABA8-82A99865368F}.Debug|Any CPU.ActiveCfg = Debug|Any CPU
		{FAF3A53C-9DC9-4811-ABA8-82A99865368F}.Debug|Any CPU.Build.0 = Debug|Any CPU
		{FAF3A53C-9DC9-4811-ABA8-82A99865368F}.Release|Any CPU.ActiveCfg = Release|Any CPU
		{FAF3A53C-9DC9-4811-ABA8-82A99865368F}.Release|Any CPU.Build.0 = Release|Any CPU
		{C5B64EC7-1CA4-4C6F-9F2C-7878611AD86D}.Debug|Any CPU.ActiveCfg = Debug|Any CPU
		{C5B64EC7-1CA4-4C6F-9F2C-7878611AD86D}.Debug|Any CPU.Build.0 = Debug|Any CPU
		{C5B64EC7-1CA4-4C6F-9F2C-7878611AD86D}.Release|Any CPU.ActiveCfg = Release|Any CPU
		{C5B64EC7-1CA4-4C6F-9F2C-7878611AD86D}.Release|Any CPU.Build.0 = Release|Any CPU
		{AF4F455F-5DCA-4BCF-B515-14E7DF3224A3}.Debug|Any CPU.ActiveCfg = Debug|Any CPU
		{AF4F455F-5DCA-4BCF-B515-14E7DF3224A3}.Debug|Any CPU.Build.0 = Debug|Any CPU
		{AF4F455F-5DCA-4BCF-B515-14E7DF3224A3}.Release|Any CPU.ActiveCfg = Release|Any CPU
		{AF4F455F-5DCA-4BCF-B515-14E7DF3224A3}.Release|Any CPU.Build.0 = Release|Any CPU
		{99A45870-68AA-4B21-A769-95BC0AEBBB48}.Debug|Any CPU.ActiveCfg = Debug|Any CPU
		{99A45870-68AA-4B21-A769-95BC0AEBBB48}.Debug|Any CPU.Build.0 = Debug|Any CPU
		{99A45870-68AA-4B21-A769-95BC0AEBBB48}.Release|Any CPU.ActiveCfg = Release|Any CPU
		{99A45870-68AA-4B21-A769-95BC0AEBBB48}.Release|Any CPU.Build.0 = Release|Any CPU
		{05BAC5B5-DC59-49D3-BD5A-D106BC69F7B2}.Debug|Any CPU.ActiveCfg = Debug|Any CPU
		{05BAC5B5-DC59-49D3-BD5A-D106BC69F7B2}.Debug|Any CPU.Build.0 = Debug|Any CPU
		{05BAC5B5-DC59-49D3-BD5A-D106BC69F7B2}.Release|Any CPU.ActiveCfg = Release|Any CPU
		{05BAC5B5-DC59-49D3-BD5A-D106BC69F7B2}.Release|Any CPU.Build.0 = Release|Any CPU
		{2903DCE2-7AAD-4D9A-A38A-6777B09F9F38}.Debug|Any CPU.ActiveCfg = Debug|Any CPU
		{2903DCE2-7AAD-4D9A-A38A-6777B09F9F38}.Debug|Any CPU.Build.0 = Debug|Any CPU
		{2903DCE2-7AAD-4D9A-A38A-6777B09F9F38}.Release|Any CPU.ActiveCfg = Release|Any CPU
		{2903DCE2-7AAD-4D9A-A38A-6777B09F9F38}.Release|Any CPU.Build.0 = Release|Any CPU
		{F8486F13-6C2E-4FE0-A27F-8229273B65DB}.Debug|Any CPU.ActiveCfg = Debug|Any CPU
		{F8486F13-6C2E-4FE0-A27F-8229273B65DB}.Debug|Any CPU.Build.0 = Debug|Any CPU
		{F8486F13-6C2E-4FE0-A27F-8229273B65DB}.Release|Any CPU.ActiveCfg = Release|Any CPU
		{F8486F13-6C2E-4FE0-A27F-8229273B65DB}.Release|Any CPU.Build.0 = Release|Any CPU
		{C4F9F571-7DBF-4194-9511-4388B3D5978C}.Debug|Any CPU.ActiveCfg = Debug|Any CPU
		{C4F9F571-7DBF-4194-9511-4388B3D5978C}.Debug|Any CPU.Build.0 = Debug|Any CPU
		{C4F9F571-7DBF-4194-9511-4388B3D5978C}.Release|Any CPU.ActiveCfg = Release|Any CPU
		{C4F9F571-7DBF-4194-9511-4388B3D5978C}.Release|Any CPU.Build.0 = Release|Any CPU
	EndGlobalSection
	GlobalSection(SolutionProperties) = preSolution
		HideSolutionNode = FALSE
	EndGlobalSection
	GlobalSection(ExtensibilityGlobals) = postSolution
		SolutionGuid = {1D622CC2-7613-49D2-94C5-D0829A3FA407}
	EndGlobalSection
EndGlobal
